
Microsoft Visual Studio Solution File, Format Version 12.00
# Visual Studio Version 17
VisualStudioVersion = 17.8.34408.163
MinimumVisualStudioVersion = 10.0.40219.1
Project("{FAE04EC0-301F-11D3-BF4B-00C04F79EFBC}") = "Dice", "Dice.csproj", "{04771C9B-2BE2-46B0-997A-691E59BD52E8}"
EndProject
Global
	GlobalSection(SolutionConfigurationPlatforms) = preSolution
		Debug|Any CPU = Debug|Any CPU
		Release|Any CPU = Release|Any CPU
	EndGlobalSection
	GlobalSection(ProjectConfigurationPlatforms) = postSolution
		{04771C9B-2BE2-46B0-997A-691E59BD52E8}.Debug|Any CPU.ActiveCfg = Debug|Any CPU
		{04771C9B-2BE2-46B0-997A-691E59BD52E8}.Debug|Any CPU.Build.0 = Debug|Any CPU
		{04771C9B-2BE2-46B0-997A-691E59BD52E8}.Release|Any CPU.ActiveCfg = Release|Any CPU
		{04771C9B-2BE2-46B0-997A-691E59BD52E8}.Release|Any CPU.Build.0 = Release|Any CPU
	EndGlobalSection
	GlobalSection(SolutionProperties) = preSolution
		HideSolutionNode = FALSE
	EndGlobalSection
	GlobalSection(ExtensibilityGlobals) = postSolution
		SolutionGuid = {714FE39B-81C6-4415-9AB4-C0EA141DD22C}
	EndGlobalSection
EndGlobal
